
Microsoft Visual Studio Solution File, Format Version 12.00
# Visual Studio Version 17
VisualStudioVersion = 17.1.32328.378
MinimumVisualStudioVersion = 10.0.40219.1
Project("{FAE04EC0-301F-11D3-BF4B-00C04F79EFBC}") = "ConsoleApp1", "ConsoleApp1\ConsoleApp1.csproj", "{9EEED4C2-F845-408B-8D1C-5606780B0924}"
EndProject
Global
	GlobalSection(SolutionConfigurationPlatforms) = preSolution
		Debug|Any CPU = Debug|Any CPU
		Release|Any CPU = Release|Any CPU
	EndGlobalSection
	GlobalSection(ProjectConfigurationPlatforms) = postSolution
		{9EEED4C2-F845-408B-8D1C-5606780B0924}.Debug|Any CPU.ActiveCfg = Debug|Any CPU
		{9EEED4C2-F845-408B-8D1C-5606780B0924}.Debug|Any CPU.Build.0 = Debug|Any CPU
		{9EEED4C2-F845-408B-8D1C-5606780B0924}.Release|Any CPU.ActiveCfg = Release|Any CPU
		{9EEED4C2-F845-408B-8D1C-5606780B0924}.Release|Any CPU.Build.0 = Release|Any CPU
	EndGlobalSection
	GlobalSection(SolutionProperties) = preSolution
		HideSolutionNode = FALSE
	EndGlobalSection
	GlobalSection(ExtensibilityGlobals) = postSolution
		SolutionGuid = {98C5290C-FA6F-4806-984C-7E4D6F81AF8B}
	EndGlobalSection
EndGlobal
